{
    "lockfileVersion": 3,
    "name": "minecraft-mods-russian-translation",
    "packages": {
        "": {
            "dependencies": {
                "@actions/core": "^1.11.1",
                "@actions/github": "^6.0.0",
                "@octokit/rest": "^21.0.2",
                "adm-zip": "^0.5.16",
                "googleapis": "^144.0.0",
                "semver": "^7.6.3"
            },
            "license": "ISC",
            "name": "minecraft-mods-russian-translation",
            "version": "1.0.0"
        },
        "node_modules/@actions/core": {
            "dependencies": {
                "@actions/exec": "^1.1.1",
                "@actions/http-client": "^2.0.1"
            },
            "integrity": "sha512-hXJCSrkwfA46Vd9Z3q4cpEpHB1rL5NG04+/rbqW9d3+CSvtB1tYe8UTpAlixa1vj0m/ULglfEK2UKxMGxCxv5A==",
            "license": "MIT",
            "resolved": "https://registry.npmjs.org/@actions/core/-/core-1.11.1.tgz",
            "version": "1.11.1"
        },
        "node_modules/@actions/exec": {
            "dependencies": {
                "@actions/io": "^1.0.1"
            },
            "integrity": "sha512-+sCcHHbVdk93a0XT19ECtO/gIXoxvdsgQLzb2fE2/5sIZmWQuluYyjPQtrtTHdU1YzTZ7bAPN4sITq2xi1679w==",
            "license": "MIT",
            "resolved": "https://registry.npmjs.org/@actions/exec/-/exec-1.1.1.tgz",
            "version": "1.1.1"
        },
        "node_modules/@actions/github": {
            "dependencies": {
                "@actions/http-client": "^2.2.0",
                "@octokit/core": "^5.0.1",
                "@octokit/plugin-paginate-rest": "^9.0.0",
                "@octokit/plugin-rest-endpoint-methods": "^10.0.0"
            },
            "integrity": "sha512-alScpSVnYmjNEXboZjarjukQEzgCRmjMv6Xj47fsdnqGS73bjJNDpiiXmp8jr0UZLdUB6d9jW63IcmddUP+l0g==",
            "license": "MIT",
            "resolved": "https://registry.npmjs.org/@actions/github/-/github-6.0.0.tgz",
            "version": "6.0.0"
        },
        "node_modules/@actions/http-client": {
            "dependencies": {
                "tunnel": "^0.0.6",
                "undici": "^5.25.4"
            },
            "integrity": "sha512-mx8hyJi/hjFvbPokCg4uRd4ZX78t+YyRPtnKWwIl+RzNaVuFpQHfmlGVfsKEJN8LwTCvL+DfVgAM04XaHkm6bA==",
            "license": "MIT",
            "resolved": "https://registry.npmjs.org/@actions/http-client/-/http-client-2.2.3.tgz",
            "version": "2.2.3"
        },
        "node_modules/@actions/io": {
            "integrity": "sha512-wi9JjgKLYS7U/z8PPbco+PvTb/nRWjeoFlJ1Qer83k/3C5PHQi28hiVdeE2kHXmIL99mQFawx8qt/JPjZilJ8Q==",
            "license": "MIT",
            "resolved": "https://registry.npmjs.org/@actions/io/-/io-1.1.3.tgz",
            "version": "1.1.3"
        },
        "node_modules/@fastify/busboy": {
            "engines": {
                "node": ">=14"
            },
            "integrity": "sha512-vBZP4NlzfOlerQTnba4aqZoMhE/a9HY7HRqoOPaETQcSQuWEIyZMHGfVu6w9wGtGK5fED5qRs2DteVCjOH60sA==",
            "license": "MIT",
            "resolved": "https://registry.npmjs.org/@fastify/busboy/-/busboy-2.1.1.tgz",
            "version": "2.1.1"
        },
        "node_modules/@octokit/auth-token": {
            "engines": {
                "node": ">= 18"
            },
            "integrity": "sha512-tY/msAuJo6ARbK6SPIxZrPBms3xPbfwBrulZe0Wtr/DIY9lje2HeV1uoebShn6mx7SjCHif6EjMvoREj+gZ+SA==",
            "license": "MIT",
            "resolved": "https://registry.npmjs.org/@octokit/auth-token/-/auth-token-4.0.0.tgz",
            "version": "4.0.0"
        },
        "node_modules/@octokit/core": {
            "dependencies": {
                "@octokit/auth-token": "^4.0.0",
                "@octokit/graphql": "^7.1.0",
                "@octokit/request": "^8.3.1",
                "@octokit/request-error": "^5.1.0",
                "@octokit/types": "^13.0.0",
                "before-after-hook": "^2.2.0",
                "universal-user-agent": "^6.0.0"
            },
            "engines": {
                "node": ">= 18"
            },
            "integrity": "sha512-1LFfa/qnMQvEOAdzlQymH0ulepxbxnCYAKJZfMci/5XJyIHWgEYnDmgnKakbTh7CH2tFQ5O60oYDvns4i9RAIg==",
            "license": "MIT",
            "resolved": "https://registry.npmjs.org/@octokit/core/-/core-5.2.0.tgz",
            "version": "5.2.0"
        },
        "node_modules/@octokit/endpoint": {
            "dependencies": {
                "@octokit/types": "^13.1.0",
                "universal-user-agent": "^6.0.0"
            },
            "engines": {
                "node": ">= 18"
            },
            "integrity": "sha512-ekqR4/+PCLkEBF6qgj8WqJfvDq65RH85OAgrtnVp1mSxaXF03u2xW/hUdweGS5654IlC0wkNYC18Z50tSYTAFw==",
            "license": "MIT",
            "resolved": "https://registry.npmjs.org/@octokit/endpoint/-/endpoint-9.0.5.tgz",
            "version": "9.0.5"
        },
        "node_modules/@octokit/graphql": {
            "dependencies": {
                "@octokit/request": "^8.3.0",
                "@octokit/types": "^13.0.0",
                "universal-user-agent": "^6.0.0"
            },
            "engines": {
                "node": ">= 18"
            },
            "integrity": "sha512-r+oZUH7aMFui1ypZnAvZmn0KSqAUgE1/tUXIWaqUCa1758ts/Jio84GZuzsvUkme98kv0WFY8//n0J1Z+vsIsQ==",
            "license": "MIT",
            "resolved": "https://registry.npmjs.org/@octokit/graphql/-/graphql-7.1.0.tgz",
            "version": "7.1.0"
        },
        "node_modules/@octokit/openapi-types": {
            "integrity": "sha512-QBhVjcUa9W7Wwhm6DBFu6ZZ+1/t/oYxqc2tp81Pi41YNuJinbFRx8B133qVOrAaBbF7D/m0Et6f9/pZt9Rc+tg==",
            "license": "MIT",
            "resolved": "https://registry.npmjs.org/@octokit/openapi-types/-/openapi-types-22.2.0.tgz",
            "version": "22.2.0"
        },
        "node_modules/@octokit/plugin-paginate-rest": {
            "dependencies": {
                "@octokit/types": "^12.6.0"
            },
            "engines": {
                "node": ">= 18"
            },
            "integrity": "sha512-wfGhE/TAkXZRLjksFXuDZdmGnJQHvtU/joFQdweXUgzo1XwvBCD4o4+75NtFfjfLK5IwLf9vHTfSiU3sLRYpRw==",
            "license": "MIT",
            "peerDependencies": {
                "@octokit/core": "5"
            },
            "resolved": "https://registry.npmjs.org/@octokit/plugin-paginate-rest/-/plugin-paginate-rest-9.2.1.tgz",
            "version": "9.2.1"
        },
        "node_modules/@octokit/plugin-paginate-rest/node_modules/@octokit/openapi-types": {
            "integrity": "sha512-EtqRBEjp1dL/15V7WiX5LJMIxxkdiGJnabzYx5Apx4FkQIFgAfKumXeYAqqJCj1s+BMX4cPFIFC4OLCR6stlnA==",
            "license": "MIT",
            "resolved": "https://registry.npmjs.org/@octokit/openapi-types/-/openapi-types-20.0.0.tgz",
            "version": "20.0.0"
        },
        "node_modules/@octokit/plugin-paginate-rest/node_modules/@octokit/types": {
            "dependencies": {
                "@octokit/openapi-types": "^20.0.0"
            },
            "integrity": "sha512-1rhSOfRa6H9w4YwK0yrf5faDaDTb+yLyBUKOCV4xtCDB5VmIPqd/v9yr9o6SAzOAlRxMiRiCic6JVM1/kunVkw==",
            "license": "MIT",
            "resolved": "https://registry.npmjs.org/@octokit/types/-/types-12.6.0.tgz",
            "version": "12.6.0"
        },
        "node_modules/@octokit/plugin-rest-endpoint-methods": {
            "dependencies": {
                "@octokit/types": "^12.6.0"
            },
            "engines": {
                "node": ">= 18"
            },
            "integrity": "sha512-xV1b+ceKV9KytQe3zCVqjg+8GTGfDYwaT1ATU5isiUyVtlVAO3HNdzpS4sr4GBx4hxQ46s7ITtZrAsxG22+rVg==",
            "license": "MIT",
            "peerDependencies": {
                "@octokit/core": "5"
            },
            "resolved": "https://registry.npmjs.org/@octokit/plugin-rest-endpoint-methods/-/plugin-rest-endpoint-methods-10.4.1.tgz",
            "version": "10.4.1"
        },
        "node_modules/@octokit/plugin-rest-endpoint-methods/node_modules/@octokit/openapi-types": {
            "integrity": "sha512-EtqRBEjp1dL/15V7WiX5LJMIxxkdiGJnabzYx5Apx4FkQIFgAfKumXeYAqqJCj1s+BMX4cPFIFC4OLCR6stlnA==",
            "license": "MIT",
            "resolved": "https://registry.npmjs.org/@octokit/openapi-types/-/openapi-types-20.0.0.tgz",
            "version": "20.0.0"
        },
        "node_modules/@octokit/plugin-rest-endpoint-methods/node_modules/@octokit/types": {
            "dependencies": {
                "@octokit/openapi-types": "^20.0.0"
            },
            "integrity": "sha512-1rhSOfRa6H9w4YwK0yrf5faDaDTb+yLyBUKOCV4xtCDB5VmIPqd/v9yr9o6SAzOAlRxMiRiCic6JVM1/kunVkw==",
            "license": "MIT",
            "resolved": "https://registry.npmjs.org/@octokit/types/-/types-12.6.0.tgz",
            "version": "12.6.0"
        },
        "node_modules/@octokit/request": {
            "dependencies": {
                "@octokit/endpoint": "^9.0.1",
                "@octokit/request-error": "^5.1.0",
                "@octokit/types": "^13.1.0",
                "universal-user-agent": "^6.0.0"
            },
            "engines": {
                "node": ">= 18"
            },
            "integrity": "sha512-9Bb014e+m2TgBeEJGEbdplMVWwPmL1FPtggHQRkV+WVsMggPtEkLKPlcVYm/o8xKLkpJ7B+6N8WfQMtDLX2Dpw==",
            "license": "MIT",
            "resolved": "https://registry.npmjs.org/@octokit/request/-/request-8.4.0.tgz",
            "version": "8.4.0"
        },
        "node_modules/@octokit/request-error": {
            "dependencies": {
                "@octokit/types": "^13.1.0",
                "deprecation": "^2.0.0",
                "once": "^1.4.0"
            },
            "engines": {
                "node": ">= 18"
            },
            "integrity": "sha512-GETXfE05J0+7H2STzekpKObFe765O5dlAKUTLNGeH+x47z7JjXHfsHKo5z21D/o/IOZTUEI6nyWyR+bZVP/n5Q==",
            "license": "MIT",
            "resolved": "https://registry.npmjs.org/@octokit/request-error/-/request-error-5.1.0.tgz",
            "version": "5.1.0"
        },
        "node_modules/@octokit/rest": {
            "dependencies": {
                "@octokit/core": "^6.1.2",
                "@octokit/plugin-paginate-rest": "^11.0.0",
                "@octokit/plugin-request-log": "^5.3.1",
                "@octokit/plugin-rest-endpoint-methods": "^13.0.0"
            },
            "engines": {
                "node": ">= 18"
            },
            "integrity": "sha512-+CiLisCoyWmYicH25y1cDfCrv41kRSvTq6pPWtRroRJzhsCZWZyCqGyI8foJT5LmScADSwRAnr/xo+eewL04wQ==",
            "license": "MIT",
            "resolved": "https://registry.npmjs.org/@octokit/rest/-/rest-21.0.2.tgz",
            "version": "21.0.2"
        },
        "node_modules/@octokit/rest/node_modules/@octokit/auth-token": {
            "engines": {
                "node": ">= 18"
            },
            "integrity": "sha512-rh3G3wDO8J9wSjfI436JUKzHIxq8NaiL0tVeB2aXmG6p/9859aUOAjA9pmSPNGGZxfwmaJ9ozOJImuNVJdpvbA==",
            "license": "MIT",
            "resolved": "https://registry.npmjs.org/@octokit/auth-token/-/auth-token-5.1.1.tgz",
            "version": "5.1.1"
        },
        "node_modules/@octokit/rest/node_modules/@octokit/core": {
            "dependencies": {
                "@octokit/auth-token": "^5.0.0",
                "@octokit/graphql": "^8.0.0",
                "@octokit/request": "^9.0.0",
                "@octokit/request-error": "^6.0.1",
                "@octokit/types": "^13.0.0",
                "before-after-hook": "^3.0.2",
                "universal-user-agent": "^7.0.0"
            },
            "engines": {
                "node": ">= 18"
            },
            "integrity": "sha512-hEb7Ma4cGJGEUNOAVmyfdB/3WirWMg5hDuNFVejGEDFqupeOysLc2sG6HJxY2etBp5YQu5Wtxwi020jS9xlUwg==",
            "license": "MIT",
            "resolved": "https://registry.npmjs.org/@octokit/core/-/core-6.1.2.tgz",
            "version": "6.1.2"
        },
        "node_modules/@octokit/rest/node_modules/@octokit/endpoint": {
            "dependencies": {
                "@octokit/types": "^13.0.0",
                "universal-user-agent": "^7.0.2"
            },
            "engines": {
                "node": ">= 18"
            },
            "integrity": "sha512-JYjh5rMOwXMJyUpj028cu0Gbp7qe/ihxfJMLc8VZBMMqSwLgOxDI1911gV4Enl1QSavAQNJcwmwBF9M0VvLh6Q==",
            "license": "MIT",
            "resolved": "https://registry.npmjs.org/@octokit/endpoint/-/endpoint-10.1.1.tgz",
            "version": "10.1.1"
        },
        "node_modules/@octokit/rest/node_modules/@octokit/graphql": {
            "dependencies": {
                "@octokit/request": "^9.0.0",
                "@octokit/types": "^13.0.0",
                "universal-user-agent": "^7.0.0"
            },
            "engines": {
                "node": ">= 18"
            },
            "integrity": "sha512-ukiRmuHTi6ebQx/HFRCXKbDlOh/7xEV6QUXaE7MJEKGNAncGI/STSbOkl12qVXZrfZdpXctx5O9X1AIaebiDBg==",
            "license": "MIT",
            "resolved": "https://registry.npmjs.org/@octokit/graphql/-/graphql-8.1.1.tgz",
            "version": "8.1.1"
        },
        "node_modules/@octokit/rest/node_modules/@octokit/plugin-paginate-rest": {
            "dependencies": {
                "@octokit/types": "^13.6.2"
            },
            "engines": {
                "node": ">= 18"
            },
            "integrity": "sha512-zcvqqf/+TicbTCa/Z+3w4eBJcAxCFymtc0UAIsR3dEVoNilWld4oXdscQ3laXamTszUZdusw97K8+DrbFiOwjw==",
            "license": "MIT",
            "peerDependencies": {
                "@octokit/core": ">=6"
            },
            "resolved": "https://registry.npmjs.org/@octokit/plugin-paginate-rest/-/plugin-paginate-rest-11.3.6.tgz",
            "version": "11.3.6"
        },
        "node_modules/@octokit/rest/node_modules/@octokit/plugin-request-log": {
            "engines": {
                "node": ">= 18"
            },
            "integrity": "sha512-n/lNeCtq+9ofhC15xzmJCNKP2BWTv8Ih2TTy+jatNCCq/gQP/V7rK3fjIfuz0pDWDALO/o/4QY4hyOF6TQQFUw==",
            "license": "MIT",
            "peerDependencies": {
                "@octokit/core": ">=6"
            },
            "resolved": "https://registry.npmjs.org/@octokit/plugin-request-log/-/plugin-request-log-5.3.1.tgz",
            "version": "5.3.1"
        },
        "node_modules/@octokit/rest/node_modules/@octokit/plugin-rest-endpoint-methods": {
            "dependencies": {
                "@octokit/types": "^13.6.1"
            },
            "engines": {
                "node": ">= 18"
            },
            "integrity": "sha512-wMsdyHMjSfKjGINkdGKki06VEkgdEldIGstIEyGX0wbYHGByOwN/KiM+hAAlUwAtPkP3gvXtVQA9L3ITdV2tVw==",
            "license": "MIT",
            "peerDependencies": {
                "@octokit/core": ">=6"
            },
            "resolved": "https://registry.npmjs.org/@octokit/plugin-rest-endpoint-methods/-/plugin-rest-endpoint-methods-13.2.6.tgz",
            "version": "13.2.6"
        },
        "node_modules/@octokit/rest/node_modules/@octokit/request": {
            "dependencies": {
                "@octokit/endpoint": "^10.0.0",
                "@octokit/request-error": "^6.0.1",
                "@octokit/types": "^13.1.0",
                "universal-user-agent": "^7.0.2"
            },
            "engines": {
                "node": ">= 18"
            },
            "integrity": "sha512-V+TFhu5fdF3K58rs1pGUJIDH5RZLbZm5BI+MNF+6o/ssFNT4vWlCh/tVpF3NxGtP15HUxTTMUbsG5llAuU2CZA==",
            "license": "MIT",
            "resolved": "https://registry.npmjs.org/@octokit/request/-/request-9.1.3.tgz",
            "version": "9.1.3"
        },
        "node_modules/@octokit/rest/node_modules/@octokit/request-error": {
            "dependencies": {
                "@octokit/types": "^13.0.0"
            },
            "engines": {
                "node": ">= 18"
            },
            "integrity": "sha512-IlBTfGX8Yn/oFPMwSfvugfncK2EwRLjzbrpifNaMY8o/HTEAFqCA1FZxjD9cWvSKBHgrIhc4CSBIzMxiLsbzFQ==",
            "license": "MIT",
            "resolved": "https://registry.npmjs.org/@octokit/request-error/-/request-error-6.1.5.tgz",
            "version": "6.1.5"
        },
        "node_modules/@octokit/rest/node_modules/before-after-hook": {
            "integrity": "sha512-Nik3Sc0ncrMK4UUdXQmAnRtzmNQTAAXmXIopizwZ1W1t8QmfJj+zL4OA2I7XPTPW5z5TDqv4hRo/JzouDJnX3A==",
            "license": "Apache-2.0",
            "resolved": "https://registry.npmjs.org/before-after-hook/-/before-after-hook-3.0.2.tgz",
            "version": "3.0.2"
        },
        "node_modules/@octokit/rest/node_modules/universal-user-agent": {
            "integrity": "sha512-0JCqzSKnStlRRQfCdowvqy3cy0Dvtlb8xecj/H8JFZuCze4rwjPZQOgvFvn0Ws/usCHQFGpyr+pB9adaGwXn4Q==",
            "license": "ISC",
            "resolved": "https://registry.npmjs.org/universal-user-agent/-/universal-user-agent-7.0.2.tgz",
            "version": "7.0.2"
        },
        "node_modules/@octokit/types": {
            "dependencies": {
                "@octokit/openapi-types": "^22.2.0"
            },
            "integrity": "sha512-WpbZfZUcZU77DrSW4wbsSgTPfKcp286q3ItaIgvSbBpZJlu6mnYXAkjZz6LVZPXkEvLIM8McanyZejKTYUHipA==",
            "license": "MIT",
            "resolved": "https://registry.npmjs.org/@octokit/types/-/types-13.6.2.tgz",
            "version": "13.6.2"
        },
        "node_modules/adm-zip": {
            "engines": {
                "node": ">=12.0"
            },
            "integrity": "sha512-TGw5yVi4saajsSEgz25grObGHEUaDrniwvA2qwSC060KfqGPdglhvPMA2lPIoxs3PQIItj2iag35fONcQqgUaQ==",
            "license": "MIT",
            "resolved": "https://registry.npmjs.org/adm-zip/-/adm-zip-0.5.16.tgz",
            "version": "0.5.16"
        },
        "node_modules/agent-base": {
            "dependencies": {
                "debug": "^4.3.4"
            },
            "engines": {
                "node": ">= 14"
            },
            "integrity": "sha512-H0TSyFNDMomMNJQBn8wFV5YC/2eJ+VXECwOadZJT554xP6cODZHPX3H9QMQECxvrgiSOP1pHjy1sMWQVYJOUOA==",
            "license": "MIT",
            "resolved": "https://registry.npmjs.org/agent-base/-/agent-base-7.1.1.tgz",
            "version": "7.1.1"
        },
        "node_modules/base64-js": {
            "funding": [{
                    "type": "github",
                    "url": "https://github.com/sponsors/feross"
                },
                {
                    "type": "patreon",
                    "url": "https://www.patreon.com/feross"
                },
                {
                    "type": "consulting",
                    "url": "https://feross.org/support"
                }
            ],
            "integrity": "sha512-AKpaYlHn8t4SVbOHCy+b5+KKgvR4vrsD8vbvrbiQJps7fKDTkjkDry6ji0rUJjC0kzbNePLwzxq8iypo41qeWA==",
            "license": "MIT",
            "resolved": "https://registry.npmjs.org/base64-js/-/base64-js-1.5.1.tgz",
            "version": "1.5.1"
        },
        "node_modules/before-after-hook": {
            "integrity": "sha512-NzUnlZexiaH/46WDhANlyR2bXRopNg4F/zuSA3OpZnllCUgRaOF2znDioDWrmbNVsuZk6l9pMquQB38cfBZwkQ==",
            "license": "Apache-2.0",
            "resolved": "https://registry.npmjs.org/before-after-hook/-/before-after-hook-2.2.3.tgz",
            "version": "2.2.3"
        },
        "node_modules/bignumber.js": {
            "engines": {
                "node": "*"
            },
            "integrity": "sha512-2/mKyZH9K85bzOEfhXDBFZTGd1CTs+5IHpeFQo9luiBG7hghdC851Pj2WAhb6E3R6b9tZj/XKhbg4fum+Kepug==",
            "license": "MIT",
            "resolved": "https://registry.npmjs.org/bignumber.js/-/bignumber.js-9.1.2.tgz",
            "version": "9.1.2"
        },
        "node_modules/buffer-equal-constant-time": {
            "integrity": "sha512-zRpUiDwd/xk6ADqPMATG8vc9VPrkck7T07OIx0gnjmJAnHnTVXNQG3vfvWNuiZIkwu9KrKdA1iJKfsfTVxE6NA==",
            "license": "BSD-3-Clause",
            "resolved": "https://registry.npmjs.org/buffer-equal-constant-time/-/buffer-equal-constant-time-1.0.1.tgz",
            "version": "1.0.1"
        },
        "node_modules/call-bind": {
            "dependencies": {
                "es-define-property": "^1.0.0",
                "es-errors": "^1.3.0",
                "function-bind": "^1.1.2",
                "get-intrinsic": "^1.2.4",
                "set-function-length": "^1.2.1"
            },
            "engines": {
                "node": ">= 0.4"
            },
            "funding": {
                "url": "https://github.com/sponsors/ljharb"
            },
            "integrity": "sha512-GHTSNSYICQ7scH7sZ+M2rFopRoLh8t2bLSW6BbgrtLsahOIB5iyAVJf9GjWK3cYTDaMj4XdBpM1cA6pIS0Kv2w==",
            "license": "MIT",
            "resolved": "https://registry.npmjs.org/call-bind/-/call-bind-1.0.7.tgz",
            "version": "1.0.7"
        },
        "node_modules/debug": {
            "dependencies": {
                "ms": "^2.1.3"
            },
            "engines": {
                "node": ">=6.0"
            },
            "integrity": "sha512-Er2nc/H7RrMXZBFCEim6TCmMk02Z8vLC2Rbi1KEBggpo0fS6l0S1nnapwmIi3yW/+GOJap1Krg4w0Hg80oCqgQ==",
            "license": "MIT",
            "peerDependenciesMeta": {
                "supports-color": {
                    "optional": true
                }
            },
            "resolved": "https://registry.npmjs.org/debug/-/debug-4.3.7.tgz",
            "version": "4.3.7"
        },
        "node_modules/define-data-property": {
            "dependencies": {
                "es-define-property": "^1.0.0",
                "es-errors": "^1.3.0",
                "gopd": "^1.0.1"
            },
            "engines": {
                "node": ">= 0.4"
            },
            "funding": {
                "url": "https://github.com/sponsors/ljharb"
            },
            "integrity": "sha512-rBMvIzlpA8v6E+SJZoo++HAYqsLrkg7MSfIinMPFhmkorw7X+dOXVJQs+QT69zGkzMyfDnIMN2Wid1+NbL3T+A==",
            "license": "MIT",
            "resolved": "https://registry.npmjs.org/define-data-property/-/define-data-property-1.1.4.tgz",
            "version": "1.1.4"
        },
        "node_modules/deprecation": {
            "integrity": "sha512-xmHIy4F3scKVwMsQ4WnVaS8bHOx0DmVwRywosKhaILI0ywMDWPtBSku2HNxRvF7jtwDRsoEwYQSfbxj8b7RlJQ==",
            "license": "ISC",
            "resolved": "https://registry.npmjs.org/deprecation/-/deprecation-2.3.1.tgz",
            "version": "2.3.1"
        },
        "node_modules/ecdsa-sig-formatter": {
            "dependencies": {
                "safe-buffer": "^5.0.1"
            },
            "integrity": "sha512-nagl3RYrbNv6kQkeJIpt6NJZy8twLB/2vtz6yN9Z4vRKHN4/QZJIEbqohALSgwKdnksuY3k5Addp5lg8sVoVcQ==",
            "license": "Apache-2.0",
            "resolved": "https://registry.npmjs.org/ecdsa-sig-formatter/-/ecdsa-sig-formatter-1.0.11.tgz",
            "version": "1.0.11"
        },
        "node_modules/es-define-property": {
            "dependencies": {
                "get-intrinsic": "^1.2.4"
            },
            "engines": {
                "node": ">= 0.4"
            },
            "integrity": "sha512-jxayLKShrEqqzJ0eumQbVhTYQM27CfT1T35+gCgDFoL82JLsXqTJ76zv6A0YLOgEnLUMvLzsDsGIrl8NFpT2gQ==",
            "license": "MIT",
            "resolved": "https://registry.npmjs.org/es-define-property/-/es-define-property-1.0.0.tgz",
            "version": "1.0.0"
        },
        "node_modules/es-errors": {
            "engines": {
                "node": ">= 0.4"
            },
            "integrity": "sha512-Zf5H2Kxt2xjTvbJvP2ZWLEICxA6j+hAmMzIlypy4xcBg1vKVnx89Wy0GbS+kf5cwCVFFzdCFh2XSCFNULS6csw==",
            "license": "MIT",
            "resolved": "https://registry.npmjs.org/es-errors/-/es-errors-1.3.0.tgz",
            "version": "1.3.0"
        },
        "node_modules/extend": {
            "integrity": "sha512-fjquC59cD7CyW6urNXK0FBufkZcoiGG80wTuPujX590cB5Ttln20E2UB4S/WARVqhXffZl2LNgS+gQdPIIim/g==",
            "license": "MIT",
            "resolved": "https://registry.npmjs.org/extend/-/extend-3.0.2.tgz",
            "version": "3.0.2"
        },
        "node_modules/function-bind": {
            "funding": {
                "url": "https://github.com/sponsors/ljharb"
            },
            "integrity": "sha512-7XHNxH7qX9xG5mIwxkhumTox/MIRNcOgDrxWsMt2pAr23WHp6MrRlN7FBSFpCpr+oVO0F744iUgR82nJMfG2SA==",
            "license": "MIT",
            "resolved": "https://registry.npmjs.org/function-bind/-/function-bind-1.1.2.tgz",
            "version": "1.1.2"
        },
        "node_modules/gaxios": {
            "dependencies": {
                "extend": "^3.0.2",
                "https-proxy-agent": "^7.0.1",
                "is-stream": "^2.0.0",
                "node-fetch": "^2.6.9",
                "uuid": "^9.0.1"
            },
            "engines": {
                "node": ">=14"
            },
            "integrity": "sha512-LDODD4TMYx7XXdpwxAVRAIAuB0bzv0s+ywFonY46k126qzQHT9ygyoa9tncmOiQmmDrik65UYsEkv3lbfqQ3yQ==",
            "license": "Apache-2.0",
            "resolved": "https://registry.npmjs.org/gaxios/-/gaxios-6.7.1.tgz",
            "version": "6.7.1"
        },
        "node_modules/gcp-metadata": {
            "dependencies": {
                "gaxios": "^6.0.0",
                "json-bigint": "^1.0.0"
            },
            "engines": {
                "node": ">=14"
            },
            "integrity": "sha512-Jh/AIwwgaxan+7ZUUmRLCjtchyDiqh4KjBJ5tW3plBZb5iL/BPcso8A5DlzeD9qlw0duCamnNdpFjxwaT0KyKg==",
            "license": "Apache-2.0",
            "resolved": "https://registry.npmjs.org/gcp-metadata/-/gcp-metadata-6.1.0.tgz",
            "version": "6.1.0"
        },
        "node_modules/get-intrinsic": {
            "dependencies": {
                "es-errors": "^1.3.0",
                "function-bind": "^1.1.2",
                "has-proto": "^1.0.1",
                "has-symbols": "^1.0.3",
                "hasown": "^2.0.0"
            },
            "engines": {
                "node": ">= 0.4"
            },
            "funding": {
                "url": "https://github.com/sponsors/ljharb"
            },
            "integrity": "sha512-5uYhsJH8VJBTv7oslg4BznJYhDoRI6waYCxMmCdnTrcCrHA/fCFKoTFz2JKKE0HdDFUF7/oQuhzumXJK7paBRQ==",
            "license": "MIT",
            "resolved": "https://registry.npmjs.org/get-intrinsic/-/get-intrinsic-1.2.4.tgz",
            "version": "1.2.4"
        },
        "node_modules/google-auth-library": {
            "dependencies": {
                "base64-js": "^1.3.0",
                "ecdsa-sig-formatter": "^1.0.11",
                "gaxios": "^6.1.1",
                "gcp-metadata": "^6.1.0",
                "gtoken": "^7.0.0",
                "jws": "^4.0.0"
            },
            "engines": {
                "node": ">=14"
            },
            "integrity": "sha512-R+FRIfk1GBo3RdlRYWPdwk8nmtVUOn6+BkDomAC46KoU8kzXzE1HLmOasSCbWUByMMAGkknVF0G5kQ69Vj7dlA==",
            "license": "Apache-2.0",
            "resolved": "https://registry.npmjs.org/google-auth-library/-/google-auth-library-9.14.2.tgz",
            "version": "9.14.2"
        },
        "node_modules/googleapis": {
            "dependencies": {
                "google-auth-library": "^9.0.0",
                "googleapis-common": "^7.0.0"
            },
            "engines": {
                "node": ">=14.0.0"
            },
            "integrity": "sha512-ELcWOXtJxjPX4vsKMh+7V+jZvgPwYMlEhQFiu2sa9Qmt5veX8nwXPksOWGGN6Zk4xCiLygUyaz7xGtcMO+Onxw==",
            "license": "Apache-2.0",
            "resolved": "https://registry.npmjs.org/googleapis/-/googleapis-144.0.0.tgz",
            "version": "144.0.0"
        },
        "node_modules/googleapis-common": {
            "dependencies": {
                "extend": "^3.0.2",
                "gaxios": "^6.0.3",
                "google-auth-library": "^9.7.0",
                "qs": "^6.7.0",
                "url-template": "^2.0.8",
                "uuid": "^9.0.0"
            },
            "engines": {
                "node": ">=14.0.0"
            },
            "integrity": "sha512-/fhDZEJZvOV3X5jmD+fKxMqma5q2Q9nZNSF3kn1F18tpxmA86BcTxAGBQdM0N89Z3bEaIs+HVznSmFJEAmMTjA==",
            "license": "Apache-2.0",
            "resolved": "https://registry.npmjs.org/googleapis-common/-/googleapis-common-7.2.0.tgz",
            "version": "7.2.0"
        },
        "node_modules/gopd": {
            "dependencies": {
                "get-intrinsic": "^1.1.3"
            },
            "funding": {
                "url": "https://github.com/sponsors/ljharb"
            },
            "integrity": "sha512-d65bNlIadxvpb/A2abVdlqKqV563juRnZ1Wtk6s1sIR8uNsXR70xqIzVqxVf1eTqDunwT2MkczEeaezCKTZhwA==",
            "license": "MIT",
            "resolved": "https://registry.npmjs.org/gopd/-/gopd-1.0.1.tgz",
            "version": "1.0.1"
        },
        "node_modules/gtoken": {
            "dependencies": {
                "gaxios": "^6.0.0",
                "jws": "^4.0.0"
            },
            "engines": {
                "node": ">=14.0.0"
            },
            "integrity": "sha512-pCcEwRi+TKpMlxAQObHDQ56KawURgyAf6jtIY046fJ5tIv3zDe/LEIubckAO8fj6JnAxLdmWkUfNyulQ2iKdEw==",
            "license": "MIT",
            "resolved": "https://registry.npmjs.org/gtoken/-/gtoken-7.1.0.tgz",
            "version": "7.1.0"
        },
        "node_modules/has-property-descriptors": {
            "dependencies": {
                "es-define-property": "^1.0.0"
            },
            "funding": {
                "url": "https://github.com/sponsors/ljharb"
            },
            "integrity": "sha512-55JNKuIW+vq4Ke1BjOTjM2YctQIvCT7GFzHwmfZPGo5wnrgkid0YQtnAleFSqumZm4az3n2BS+erby5ipJdgrg==",
            "license": "MIT",
            "resolved": "https://registry.npmjs.org/has-property-descriptors/-/has-property-descriptors-1.0.2.tgz",
            "version": "1.0.2"
        },
        "node_modules/has-proto": {
            "engines": {
                "node": ">= 0.4"
            },
            "funding": {
                "url": "https://github.com/sponsors/ljharb"
            },
            "integrity": "sha512-SJ1amZAJUiZS+PhsVLf5tGydlaVB8EdFpaSO4gmiUKUOxk8qzn5AIy4ZeJUmh22znIdk/uMAUT2pl3FxzVUH+Q==",
            "license": "MIT",
            "resolved": "https://registry.npmjs.org/has-proto/-/has-proto-1.0.3.tgz",
            "version": "1.0.3"
        },
        "node_modules/has-symbols": {
            "engines": {
                "node": ">= 0.4"
            },
            "funding": {
                "url": "https://github.com/sponsors/ljharb"
            },
            "integrity": "sha512-l3LCuF6MgDNwTDKkdYGEihYjt5pRPbEg46rtlmnSPlUbgmB8LOIrKJbYYFBSbnPaJexMKtiPO8hmeRjRz2Td+A==",
            "license": "MIT",
            "resolved": "https://registry.npmjs.org/has-symbols/-/has-symbols-1.0.3.tgz",
            "version": "1.0.3"
        },
        "node_modules/hasown": {
            "dependencies": {
                "function-bind": "^1.1.2"
            },
            "engines": {
                "node": ">= 0.4"
            },
            "integrity": "sha512-0hJU9SCPvmMzIBdZFqNPXWa6dqh7WdH0cII9y+CyS8rG3nL48Bclra9HmKhVVUHyPWNH5Y7xDwAB7bfgSjkUMQ==",
            "license": "MIT",
            "resolved": "https://registry.npmjs.org/hasown/-/hasown-2.0.2.tgz",
            "version": "2.0.2"
        },
        "node_modules/https-proxy-agent": {
            "dependencies": {
                "agent-base": "^7.0.2",
                "debug": "4"
            },
            "engines": {
                "node": ">= 14"
            },
            "integrity": "sha512-1e4Wqeblerz+tMKPIq2EMGiiWW1dIjZOksyHWSUm1rmuvw/how9hBHZ38lAGj5ID4Ik6EdkOw7NmWPy6LAwalw==",
            "license": "MIT",
            "resolved": "https://registry.npmjs.org/https-proxy-agent/-/https-proxy-agent-7.0.5.tgz",
            "version": "7.0.5"
        },
        "node_modules/is-stream": {
            "engines": {
                "node": ">=8"
            },
            "funding": {
                "url": "https://github.com/sponsors/sindresorhus"
            },
            "integrity": "sha512-hFoiJiTl63nn+kstHGBtewWSKnQLpyb155KHheA1l39uvtO9nWIop1p3udqPcUd/xbF1VLMO4n7OI6p7RbngDg==",
            "license": "MIT",
            "resolved": "https://registry.npmjs.org/is-stream/-/is-stream-2.0.1.tgz",
            "version": "2.0.1"
        },
        "node_modules/json-bigint": {
            "dependencies": {
                "bignumber.js": "^9.0.0"
            },
            "integrity": "sha512-SiPv/8VpZuWbvLSMtTDU8hEfrZWg/mH/nV/b4o0CYbSxu1UIQPLdwKOCIyLQX+VIPO5vrLX3i8qtqFyhdPSUSQ==",
            "license": "MIT",
            "resolved": "https://registry.npmjs.org/json-bigint/-/json-bigint-1.0.0.tgz",
            "version": "1.0.0"
        },
        "node_modules/jwa": {
            "dependencies": {
                "buffer-equal-constant-time": "1.0.1",
                "ecdsa-sig-formatter": "1.0.11",
                "safe-buffer": "^5.0.1"
            },
            "integrity": "sha512-jrZ2Qx916EA+fq9cEAeCROWPTfCwi1IVHqT2tapuqLEVVDKFDENFw1oL+MwrTvH6msKxsd1YTDVw6uKEcsrLEA==",
            "license": "MIT",
            "resolved": "https://registry.npmjs.org/jwa/-/jwa-2.0.0.tgz",
            "version": "2.0.0"
        },
        "node_modules/jws": {
            "dependencies": {
                "jwa": "^2.0.0",
                "safe-buffer": "^5.0.1"
            },
            "integrity": "sha512-KDncfTmOZoOMTFG4mBlG0qUIOlc03fmzH+ru6RgYVZhPkyiy/92Owlt/8UEN+a4TXR1FQetfIpJE8ApdvdVxTg==",
            "license": "MIT",
            "resolved": "https://registry.npmjs.org/jws/-/jws-4.0.0.tgz",
            "version": "4.0.0"
        },
        "node_modules/ms": {
            "integrity": "sha512-6FlzubTLZG3J2a/NVCAleEhjzq5oxgHyaCU9yYXvcLsvoVaHJq/s5xXI6/XXP6tz7R9xAOtHnSO/tXtF3WRTlA==",
            "license": "MIT",
            "resolved": "https://registry.npmjs.org/ms/-/ms-2.1.3.tgz",
            "version": "2.1.3"
        },
        "node_modules/node-fetch": {
            "dependencies": {
                "whatwg-url": "^5.0.0"
            },
            "engines": {
                "node": "4.x || >=6.0.0"
            },
            "integrity": "sha512-c4FRfUm/dbcWZ7U+1Wq0AwCyFL+3nt2bEw05wfxSz+DWpWsitgmSgYmy2dQdWyKC1694ELPqMs/YzUSNozLt8A==",
            "license": "MIT",
            "peerDependencies": {
                "encoding": "^0.1.0"
            },
            "peerDependenciesMeta": {
                "encoding": {
                    "optional": true
                }
            },
            "resolved": "https://registry.npmjs.org/node-fetch/-/node-fetch-2.7.0.tgz",
            "version": "2.7.0"
        },
        "node_modules/object-inspect": {
            "engines": {
                "node": ">= 0.4"
            },
            "funding": {
                "url": "https://github.com/sponsors/ljharb"
            },
            "integrity": "sha512-IRZSRuzJiynemAXPYtPe5BoI/RESNYR7TYm50MC5Mqbd3Jmw5y790sErYw3V6SryFJD64b74qQQs9wn5Bg/k3g==",
            "license": "MIT",
            "resolved": "https://registry.npmjs.org/object-inspect/-/object-inspect-1.13.2.tgz",
            "version": "1.13.2"
        },
        "node_modules/once": {
            "dependencies": {
                "wrappy": "1"
            },
            "integrity": "sha512-lNaJgI+2Q5URQBkccEKHTQOPaXdUxnZZElQTZY0MFUAuaEqe1E+Nyvgdz/aIyNi6Z9MzO5dv1H8n58/GELp3+w==",
            "license": "ISC",
            "resolved": "https://registry.npmjs.org/once/-/once-1.4.0.tgz",
            "version": "1.4.0"
        },
        "node_modules/qs": {
            "dependencies": {
                "side-channel": "^1.0.6"
            },
            "engines": {
                "node": ">=0.6"
            },
            "funding": {
                "url": "https://github.com/sponsors/ljharb"
            },
            "integrity": "sha512-+38qI9SOr8tfZ4QmJNplMUxqjbe7LKvvZgWdExBOmd+egZTtjLB67Gu0HRX3u/XOq7UU2Nx6nsjvS16Z9uwfpg==",
            "license": "BSD-3-Clause",
            "resolved": "https://registry.npmjs.org/qs/-/qs-6.13.0.tgz",
            "version": "6.13.0"
        },
        "node_modules/safe-buffer": {
            "funding": [{
                    "type": "github",
                    "url": "https://github.com/sponsors/feross"
                },
                {
                    "type": "patreon",
                    "url": "https://www.patreon.com/feross"
                },
                {
                    "type": "consulting",
                    "url": "https://feross.org/support"
                }
            ],
            "integrity": "sha512-rp3So07KcdmmKbGvgaNxQSJr7bGVSVk5S9Eq1F+ppbRo70+YeaDxkw5Dd8NPN+GD6bjnYm2VuPuCXmpuYvmCXQ==",
            "license": "MIT",
            "resolved": "https://registry.npmjs.org/safe-buffer/-/safe-buffer-5.2.1.tgz",
            "version": "5.2.1"
        },
        "node_modules/semver": {
            "bin": {
                "semver": "bin/semver.js"
            },
            "engines": {
                "node": ">=10"
            },
            "integrity": "sha512-oVekP1cKtI+CTDvHWYFUcMtsK/00wmAEfyqKfNdARm8u1wNVhSgaX7A8d4UuIlUI5e84iEwOhs7ZPYRmzU9U6A==",
            "license": "ISC",
            "resolved": "https://registry.npmjs.org/semver/-/semver-7.6.3.tgz",
            "version": "7.6.3"
        },
        "node_modules/set-function-length": {
            "dependencies": {
                "define-data-property": "^1.1.4",
                "es-errors": "^1.3.0",
                "function-bind": "^1.1.2",
                "get-intrinsic": "^1.2.4",
                "gopd": "^1.0.1",
                "has-property-descriptors": "^1.0.2"
            },
            "engines": {
                "node": ">= 0.4"
            },
            "integrity": "sha512-pgRc4hJ4/sNjWCSS9AmnS40x3bNMDTknHgL5UaMBTMyJnU90EgWh1Rz+MC9eFu4BuN/UwZjKQuY/1v3rM7HMfg==",
            "license": "MIT",
            "resolved": "https://registry.npmjs.org/set-function-length/-/set-function-length-1.2.2.tgz",
            "version": "1.2.2"
        },
        "node_modules/side-channel": {
            "dependencies": {
                "call-bind": "^1.0.7",
                "es-errors": "^1.3.0",
                "get-intrinsic": "^1.2.4",
                "object-inspect": "^1.13.1"
            },
            "engines": {
                "node": ">= 0.4"
            },
            "funding": {
                "url": "https://github.com/sponsors/ljharb"
            },
            "integrity": "sha512-fDW/EZ6Q9RiO8eFG8Hj+7u/oW+XrPTIChwCOM2+th2A6OblDtYYIpve9m+KvI9Z4C9qSEXlaGR6bTEYHReuglA==",
            "license": "MIT",
            "resolved": "https://registry.npmjs.org/side-channel/-/side-channel-1.0.6.tgz",
            "version": "1.0.6"
        },
        "node_modules/tr46": {
            "integrity": "sha512-N3WMsuqV66lT30CrXNbEjx4GEwlow3v6rr4mCcv6prnfwhS01rkgyFdjPNBYd9br7LpXV1+Emh01fHnq2Gdgrw==",
            "license": "MIT",
            "resolved": "https://registry.npmjs.org/tr46/-/tr46-0.0.3.tgz",
            "version": "0.0.3"
        },
        "node_modules/tunnel": {
            "engines": {
                "node": ">=0.6.11 <=0.7.0 || >=0.7.3"
            },
            "integrity": "sha512-1h/Lnq9yajKY2PEbBadPXj3VxsDDu844OnaAo52UVmIzIvwwtBPIuNvkjuzBlTWpfJyUbG3ez0KSBibQkj4ojg==",
            "license": "MIT",
            "resolved": "https://registry.npmjs.org/tunnel/-/tunnel-0.0.6.tgz",
            "version": "0.0.6"
        },
        "node_modules/undici": {
            "dependencies": {
                "@fastify/busboy": "^2.0.0"
            },
            "engines": {
                "node": ">=14.0"
            },
            "integrity": "sha512-72RFADWFqKmUb2hmmvNODKL3p9hcB6Gt2DOQMis1SEBaV6a4MH8soBvzg+95CYhCKPFedut2JY9bMfrDl9D23g==",
            "license": "MIT",
            "resolved": "https://registry.npmjs.org/undici/-/undici-5.28.4.tgz",
            "version": "5.28.4"
        },
        "node_modules/universal-user-agent": {
            "integrity": "sha512-yCzhz6FN2wU1NiiQRogkTQszlQSlpWaw8SvVegAc+bDxbzHgh1vX8uIe8OYyMH6DwH+sdTJsgMl36+mSMdRJIQ==",
            "license": "ISC",
            "resolved": "https://registry.npmjs.org/universal-user-agent/-/universal-user-agent-6.0.1.tgz",
            "version": "6.0.1"
        },
        "node_modules/url-template": {
            "integrity": "sha512-XdVKMF4SJ0nP/O7XIPB0JwAEuT9lDIYnNsK8yGVe43y0AWoKeJNdv3ZNWh7ksJ6KqQFjOO6ox/VEitLnaVNufw==",
            "license": "BSD",
            "resolved": "https://registry.npmjs.org/url-template/-/url-template-2.0.8.tgz",
            "version": "2.0.8"
        },
        "node_modules/uuid": {
            "bin": {
                "uuid": "dist/bin/uuid"
            },
            "funding": [
                "https://github.com/sponsors/broofa",
                "https://github.com/sponsors/ctavan"
            ],
            "integrity": "sha512-b+1eJOlsR9K8HJpow9Ok3fiWOWSIcIzXodvv0rQjVoOVNpWMpxf1wZNpt4y9h10odCNrqnYp1OBzRktckBe3sA==",
            "license": "MIT",
            "resolved": "https://registry.npmjs.org/uuid/-/uuid-9.0.1.tgz",
            "version": "9.0.1"
        },
        "node_modules/webidl-conversions": {
            "integrity": "sha512-2JAn3z8AR6rjK8Sm8orRC0h/bcl/DqL7tRPdGZ4I1CjdF+EaMLmYxBHyXuKL849eucPFhvBoxMsflfOb8kxaeQ==",
            "license": "BSD-2-Clause",
            "resolved": "https://registry.npmjs.org/webidl-conversions/-/webidl-conversions-3.0.1.tgz",
            "version": "3.0.1"
        },
        "node_modules/whatwg-url": {
            "dependencies": {
                "tr46": "~0.0.3",
                "webidl-conversions": "^3.0.0"
            },
            "integrity": "sha512-saE57nupxk6v3HY35+jzBwYa0rKSy0XR8JSxZPwgLr7ys0IBzhGviA1/TUGJLmSVqs8pb9AnvICXEuOHLprYTw==",
            "license": "MIT",
            "resolved": "https://registry.npmjs.org/whatwg-url/-/whatwg-url-5.0.0.tgz",
            "version": "5.0.0"
        },
        "node_modules/wrappy": {
            "integrity": "sha512-l4Sp/DRseor9wL6EvV2+TuQn63dMkPjZ/sp9XkghTEbV9KlPS1xUsZ3u7/IQO4wxtcFB4bgpQPRcR3QCvezPcQ==",
            "license": "ISC",
            "resolved": "https://registry.npmjs.org/wrappy/-/wrappy-1.0.2.tgz",
            "version": "1.0.2"
        }
    },
    "requires": true,
    "version": "1.0.0"
}